{
  "name": "camgrid",
  "version": "0.0.0",
  "lockfileVersion": 1,
  "dependencies": {
    "ngx-dynamic-template": {
      "version": "2.1.24",
      "resolved": "https://registry.npmjs.org/ngx-dynamic-template/-/ngx-dynamic-template-2.1.24.tgz",
      "integrity": "sha1-DjpiQXrpZ/N/AnSGsrzhE8XUIuM="
    }
  }
}
